
Microsoft Visual Studio Solution File, Format Version 12.00
# Visual Studio for Mac
Project("{FAE04EC0-301F-11D3-BF4B-00C04F79EFBC}") = "Assembly-CSharp", "Assembly-CSharp.csproj", "{FFE83FE9-913E-4C7F-E5AE-2C97DBB071B8}"
EndProject
Project("{FAE04EC0-301F-11D3-BF4B-00C04F79EFBC}") = "Oculus.VR", "Oculus.VR.csproj", "{1B3248AC-B3E1-1936-4C21-2FBE305F420C}"
EndProject
Project("{FAE04EC0-301F-11D3-BF4B-00C04F79EFBC}") = "Assembly-CSharp-Editor", "Assembly-CSharp-Editor.csproj", "{BE50B4BA-8BA8-B6AD-E497-8B373C0EBC2B}"
EndProject
Project("{FAE04EC0-301F-11D3-BF4B-00C04F79EFBC}") = "Oculus.VR.Scripts.Editor", "Oculus.VR.Scripts.Editor.csproj", "{13FCC9D0-3153-F9A7-AE16-58B4C96F6967}"
EndProject
Project("{FAE04EC0-301F-11D3-BF4B-00C04F79EFBC}") = "Oculus.VR.Editor", "Oculus.VR.Editor.csproj", "{3A5C4673-92CF-5F74-C290-271C3F4C5D72}"
EndProject
Project("{FAE04EC0-301F-11D3-BF4B-00C04F79EFBC}") = "Assembly-CSharp-Editor-firstpass", "Assembly-CSharp-Editor-firstpass.csproj", "{06CE216D-1B8E-F4A8-924A-5DC1B7941949}"
EndProject
Global
	GlobalSection(SolutionConfigurationPlatforms) = preSolution
		Debug|Any CPU = Debug|Any CPU
		Release|Any CPU = Release|Any CPU
	EndGlobalSection
	GlobalSection(ProjectConfigurationPlatforms) = postSolution
		{FFE83FE9-913E-4C7F-E5AE-2C97DBB071B8}.Debug|Any CPU.ActiveCfg = Debug|Any CPU
		{FFE83FE9-913E-4C7F-E5AE-2C97DBB071B8}.Debug|Any CPU.Build.0 = Debug|Any CPU
		{FFE83FE9-913E-4C7F-E5AE-2C97DBB071B8}.Release|Any CPU.ActiveCfg = Release|Any CPU
		{FFE83FE9-913E-4C7F-E5AE-2C97DBB071B8}.Release|Any CPU.Build.0 = Release|Any CPU
		{1B3248AC-B3E1-1936-4C21-2FBE305F420C}.Debug|Any CPU.ActiveCfg = Debug|Any CPU
		{1B3248AC-B3E1-1936-4C21-2FBE305F420C}.Debug|Any CPU.Build.0 = Debug|Any CPU
		{1B3248AC-B3E1-1936-4C21-2FBE305F420C}.Release|Any CPU.ActiveCfg = Release|Any CPU
		{1B3248AC-B3E1-1936-4C21-2FBE305F420C}.Release|Any CPU.Build.0 = Release|Any CPU
		{BE50B4BA-8BA8-B6AD-E497-8B373C0EBC2B}.Debug|Any CPU.ActiveCfg = Debug|Any CPU
		{BE50B4BA-8BA8-B6AD-E497-8B373C0EBC2B}.Debug|Any CPU.Build.0 = Debug|Any CPU
		{BE50B4BA-8BA8-B6AD-E497-8B373C0EBC2B}.Release|Any CPU.ActiveCfg = Release|Any CPU
		{BE50B4BA-8BA8-B6AD-E497-8B373C0EBC2B}.Release|Any CPU.Build.0 = Release|Any CPU
		{13FCC9D0-3153-F9A7-AE16-58B4C96F6967}.Debug|Any CPU.ActiveCfg = Debug|Any CPU
		{13FCC9D0-3153-F9A7-AE16-58B4C96F6967}.Debug|Any CPU.Build.0 = Debug|Any CPU
		{13FCC9D0-3153-F9A7-AE16-58B4C96F6967}.Release|Any CPU.ActiveCfg = Release|Any CPU
		{13FCC9D0-3153-F9A7-AE16-58B4C96F6967}.Release|Any CPU.Build.0 = Release|Any CPU
		{3A5C4673-92CF-5F74-C290-271C3F4C5D72}.Debug|Any CPU.ActiveCfg = Debug|Any CPU
		{3A5C4673-92CF-5F74-C290-271C3F4C5D72}.Debug|Any CPU.Build.0 = Debug|Any CPU
		{3A5C4673-92CF-5F74-C290-271C3F4C5D72}.Release|Any CPU.ActiveCfg = Release|Any CPU
		{3A5C4673-92CF-5F74-C290-271C3F4C5D72}.Release|Any CPU.Build.0 = Release|Any CPU
		{06CE216D-1B8E-F4A8-924A-5DC1B7941949}.Debug|Any CPU.ActiveCfg = Debug|Any CPU
		{06CE216D-1B8E-F4A8-924A-5DC1B7941949}.Debug|Any CPU.Build.0 = Debug|Any CPU
		{06CE216D-1B8E-F4A8-924A-5DC1B7941949}.Release|Any CPU.ActiveCfg = Release|Any CPU
		{06CE216D-1B8E-F4A8-924A-5DC1B7941949}.Release|Any CPU.Build.0 = Release|Any CPU
	EndGlobalSection
	GlobalSection(SolutionProperties) = preSolution
		HideSolutionNode = FALSE
	EndGlobalSection
	GlobalSection(MonoDevelopProperties) = preSolution
		StartupItem = Assembly-CSharp.csproj
	EndGlobalSection
EndGlobal
